
Microsoft Visual Studio Solution File, Format Version 12.00
# Visual Studio Version 17
VisualStudioVersion = 17.4.33205.214
MinimumVisualStudioVersion = 10.0.40219.1
Project("{2150E333-8FDC-42A3-9474-1A3956D46DE8}") = "Services", "Services", "{6F1F0A74-1E62-466A-AE75-78655CD52EEC}"
EndProject
Project("{2150E333-8FDC-42A3-9474-1A3956D46DE8}") = "Gateway", "Gateway", "{81D1DC8B-8D5E-4B49-A4B8-28AE16D22667}"
EndProject
Project("{2150E333-8FDC-42A3-9474-1A3956D46DE8}") = "Integration", "Integration", "{88495A50-C165-4B33-9CD4-CC3946574167}"
EndProject
Project("{9A19103F-16F7-4668-BE54-9A1E7A4F7556}") = "Aurora.Services.UserManagement", "Aurora.Services.UserManagement\Aurora.Services.UserManagement.csproj", "{E867A7B8-74E9-4DFF-851F-5A5A5E8FF5DA}"
EndProject
Project("{9A19103F-16F7-4668-BE54-9A1E7A4F7556}") = "Aurora.APIGateway", "Aurora.APIGateway\Aurora.APIGateway.csproj", "{C2B3C7D8-1100-406D-B857-26486B76AC07}"
EndProject
Project("{9A19103F-16F7-4668-BE54-9A1E7A4F7556}") = "Aurora.EventQueue", "Aurora.EventQueue\Aurora.EventQueue.csproj", "{173969D4-823E-4771-ABF8-F22CCBC65DE5}"
EndProject
Project("{FAE04EC0-301F-11D3-BF4B-00C04F79EFBC}") = "Aurora.Services.OrderManagement", "Aurora.Services.OrderManagement\Aurora.Services.OrderManagement.csproj", "{042677A2-3E8E-4686-8DAC-D01A2685C4DB}"
EndProject
Global
	GlobalSection(SolutionConfigurationPlatforms) = preSolution
		Debug|Any CPU = Debug|Any CPU
		Release|Any CPU = Release|Any CPU
	EndGlobalSection
	GlobalSection(ProjectConfigurationPlatforms) = postSolution
		{E867A7B8-74E9-4DFF-851F-5A5A5E8FF5DA}.Debug|Any CPU.ActiveCfg = Debug|Any CPU
		{E867A7B8-74E9-4DFF-851F-5A5A5E8FF5DA}.Debug|Any CPU.Build.0 = Debug|Any CPU
		{E867A7B8-74E9-4DFF-851F-5A5A5E8FF5DA}.Release|Any CPU.ActiveCfg = Release|Any CPU
		{E867A7B8-74E9-4DFF-851F-5A5A5E8FF5DA}.Release|Any CPU.Build.0 = Release|Any CPU
		{C2B3C7D8-1100-406D-B857-26486B76AC07}.Debug|Any CPU.ActiveCfg = Debug|Any CPU
		{C2B3C7D8-1100-406D-B857-26486B76AC07}.Debug|Any CPU.Build.0 = Debug|Any CPU
		{C2B3C7D8-1100-406D-B857-26486B76AC07}.Release|Any CPU.ActiveCfg = Release|Any CPU
		{C2B3C7D8-1100-406D-B857-26486B76AC07}.Release|Any CPU.Build.0 = Release|Any CPU
		{173969D4-823E-4771-ABF8-F22CCBC65DE5}.Debug|Any CPU.ActiveCfg = Debug|Any CPU
		{173969D4-823E-4771-ABF8-F22CCBC65DE5}.Debug|Any CPU.Build.0 = Debug|Any CPU
		{173969D4-823E-4771-ABF8-F22CCBC65DE5}.Release|Any CPU.ActiveCfg = Release|Any CPU
		{173969D4-823E-4771-ABF8-F22CCBC65DE5}.Release|Any CPU.Build.0 = Release|Any CPU
		{042677A2-3E8E-4686-8DAC-D01A2685C4DB}.Debug|Any CPU.ActiveCfg = Debug|Any CPU
		{042677A2-3E8E-4686-8DAC-D01A2685C4DB}.Debug|Any CPU.Build.0 = Debug|Any CPU
		{042677A2-3E8E-4686-8DAC-D01A2685C4DB}.Release|Any CPU.ActiveCfg = Release|Any CPU
		{042677A2-3E8E-4686-8DAC-D01A2685C4DB}.Release|Any CPU.Build.0 = Release|Any CPU
	EndGlobalSection
	GlobalSection(SolutionProperties) = preSolution
		HideSolutionNode = FALSE
	EndGlobalSection
	GlobalSection(NestedProjects) = preSolution
		{E867A7B8-74E9-4DFF-851F-5A5A5E8FF5DA} = {6F1F0A74-1E62-466A-AE75-78655CD52EEC}
		{C2B3C7D8-1100-406D-B857-26486B76AC07} = {81D1DC8B-8D5E-4B49-A4B8-28AE16D22667}
		{173969D4-823E-4771-ABF8-F22CCBC65DE5} = {88495A50-C165-4B33-9CD4-CC3946574167}
		{042677A2-3E8E-4686-8DAC-D01A2685C4DB} = {6F1F0A74-1E62-466A-AE75-78655CD52EEC}
	EndGlobalSection
	GlobalSection(ExtensibilityGlobals) = postSolution
		SolutionGuid = {B8EF4083-953A-4008-98AC-684FF731FD2F}
	EndGlobalSection
EndGlobal
